
Microsoft Visual Studio Solution File, Format Version 12.00
# Visual Studio Version 16
VisualStudioVersion = 16.0.30204.135
MinimumVisualStudioVersion = 10.0.40219.1
Project("{9A19103F-16F7-4668-BE54-9A1E7A4F7556}") = "IGSB", "IGSB.csproj", "{E6831C89-4BFF-4958-B634-A38E59525F19}"
EndProject
Project("{9A19103F-16F7-4668-BE54-9A1E7A4F7556}") = "IGSBService", "IGSBService\IGSBService.csproj", "{7970E506-201B-401A-A65E-536FDF0C8D49}"
EndProject
Project("{9A19103F-16F7-4668-BE54-9A1E7A4F7556}") = "IGSBModelling", "IGSBModelling\IGSBModelling.csproj", "{9F33243B-01D3-41F9-9437-D700BE029CBA}"
EndProject
Project("{FAE04EC0-301F-11D3-BF4B-00C04F79EFBC}") = "IGSBShared", "IGSBShared\IGSBShared.csproj", "{D0ABE58B-D4DA-4F3E-9AD6-F5B8FE939273}"
EndProject
Global
	GlobalSection(SolutionConfigurationPlatforms) = preSolution
		Debug|Any CPU = Debug|Any CPU
		Release|Any CPU = Release|Any CPU
	EndGlobalSection
	GlobalSection(ProjectConfigurationPlatforms) = postSolution
		{E6831C89-4BFF-4958-B634-A38E59525F19}.Debug|Any CPU.ActiveCfg = Debug|Any CPU
		{E6831C89-4BFF-4958-B634-A38E59525F19}.Debug|Any CPU.Build.0 = Debug|Any CPU
		{E6831C89-4BFF-4958-B634-A38E59525F19}.Release|Any CPU.ActiveCfg = Release|Any CPU
		{E6831C89-4BFF-4958-B634-A38E59525F19}.Release|Any CPU.Build.0 = Release|Any CPU
		{7970E506-201B-401A-A65E-536FDF0C8D49}.Debug|Any CPU.ActiveCfg = Debug|Any CPU
		{7970E506-201B-401A-A65E-536FDF0C8D49}.Debug|Any CPU.Build.0 = Debug|Any CPU
		{7970E506-201B-401A-A65E-536FDF0C8D49}.Release|Any CPU.ActiveCfg = Release|Any CPU
		{7970E506-201B-401A-A65E-536FDF0C8D49}.Release|Any CPU.Build.0 = Release|Any CPU
		{9F33243B-01D3-41F9-9437-D700BE029CBA}.Debug|Any CPU.ActiveCfg = Debug|Any CPU
		{9F33243B-01D3-41F9-9437-D700BE029CBA}.Debug|Any CPU.Build.0 = Debug|Any CPU
		{9F33243B-01D3-41F9-9437-D700BE029CBA}.Release|Any CPU.ActiveCfg = Release|Any CPU
		{9F33243B-01D3-41F9-9437-D700BE029CBA}.Release|Any CPU.Build.0 = Release|Any CPU
		{D0ABE58B-D4DA-4F3E-9AD6-F5B8FE939273}.Debug|Any CPU.ActiveCfg = Debug|Any CPU
		{D0ABE58B-D4DA-4F3E-9AD6-F5B8FE939273}.Debug|Any CPU.Build.0 = Debug|Any CPU
		{D0ABE58B-D4DA-4F3E-9AD6-F5B8FE939273}.Release|Any CPU.ActiveCfg = Release|Any CPU
		{D0ABE58B-D4DA-4F3E-9AD6-F5B8FE939273}.Release|Any CPU.Build.0 = Release|Any CPU
	EndGlobalSection
	GlobalSection(SolutionProperties) = preSolution
		HideSolutionNode = FALSE
	EndGlobalSection
	GlobalSection(ExtensibilityGlobals) = postSolution
		SolutionGuid = {B7E4F754-826C-4770-B26C-E4CD44C79D31}
	EndGlobalSection
EndGlobal
